
Microsoft Visual Studio Solution File, Format Version 12.00
# Visual Studio Version 17
VisualStudioVersion = 17.14.37314.3 d17.14
MinimumVisualStudioVersion = 10.0.40219.1
Project("{F2A71F9B-5D33-465A-A702-920D77279786}") = "Lab_3 task 2", "Lab_3 task 2\Lab_3 task 2.fsproj", "{EFF939B3-0840-42F3-B923-D5D979FF3217}"
EndProject
Global
	GlobalSection(SolutionConfigurationPlatforms) = preSolution
		Debug|Any CPU = Debug|Any CPU
		Release|Any CPU = Release|Any CPU
	EndGlobalSection
	GlobalSection(ProjectConfigurationPlatforms) = postSolution
		{EFF939B3-0840-42F3-B923-D5D979FF3217}.Debug|Any CPU.ActiveCfg = Debug|Any CPU
		{EFF939B3-0840-42F3-B923-D5D979FF3217}.Debug|Any CPU.Build.0 = Debug|Any CPU
		{EFF939B3-0840-42F3-B923-D5D979FF3217}.Release|Any CPU.ActiveCfg = Release|Any CPU
		{EFF939B3-0840-42F3-B923-D5D979FF3217}.Release|Any CPU.Build.0 = Release|Any CPU
	EndGlobalSection
	GlobalSection(SolutionProperties) = preSolution
		HideSolutionNode = FALSE
	EndGlobalSection
	GlobalSection(ExtensibilityGlobals) = postSolution
		SolutionGuid = {B442DC28-DB76-4700-BB46-108D0FC8EDFF}
	EndGlobalSection
EndGlobal
